
Microsoft Visual Studio Solution File, Format Version 12.00
# Visual Studio Version 16
VisualStudioVersion = 16.0.29806.167
MinimumVisualStudioVersion = 10.0.40219.1
Project("{FAE04EC0-301F-11D3-BF4B-00C04F79EFBC}") = "AdjustedTimer.UWP", "AdjustedTimer\AdjustedTimer.UWP\AdjustedTimer.UWP.csproj", "{F0B612E2-45B0-4503-B1D4-81E11530619C}"
EndProject
Project("{FAE04EC0-301F-11D3-BF4B-00C04F79EFBC}") = "AdjustedTimer.Android", "AdjustedTimer\AdjustedTimer.Android\AdjustedTimer.Android.csproj", "{D23C12DB-BD5F-4071-A556-6467113B0CAF}"
EndProject
Project("{FAE04EC0-301F-11D3-BF4B-00C04F79EFBC}") = "AdjustedTimer.iOS", "AdjustedTimer\AdjustedTimer.iOS\AdjustedTimer.iOS.csproj", "{735EBB14-09D6-4BCB-9301-E7D88D2B36C0}"
EndProject
Project("{FAE04EC0-301F-11D3-BF4B-00C04F79EFBC}") = "AdjustedTimer", "AdjustedTimer\AdjustedTimer\AdjustedTimer.csproj", "{C977FC55-BE83-400D-88DD-28C71D506791}"
EndProject
Global
	GlobalSection(SolutionConfigurationPlatforms) = preSolution
		Debug|Any CPU = Debug|Any CPU
		Debug|ARM = Debug|ARM
		Debug|iPhone = Debug|iPhone
		Debug|iPhoneSimulator = Debug|iPhoneSimulator
		Debug|x64 = Debug|x64
		Debug|x86 = Debug|x86
		Release|Any CPU = Release|Any CPU
		Release|ARM = Release|ARM
		Release|iPhone = Release|iPhone
		Release|iPhoneSimulator = Release|iPhoneSimulator
		Release|x64 = Release|x64
		Release|x86 = Release|x86
	EndGlobalSection
	GlobalSection(ProjectConfigurationPlatforms) = postSolution
		{F0B612E2-45B0-4503-B1D4-81E11530619C}.Debug|Any CPU.ActiveCfg = Debug|x86
		{F0B612E2-45B0-4503-B1D4-81E11530619C}.Debug|Any CPU.Build.0 = Debug|x86
		{F0B612E2-45B0-4503-B1D4-81E11530619C}.Debug|Any CPU.Deploy.0 = Debug|x86
		{F0B612E2-45B0-4503-B1D4-81E11530619C}.Debug|ARM.ActiveCfg = Debug|ARM
		{F0B612E2-45B0-4503-B1D4-81E11530619C}.Debug|ARM.Build.0 = Debug|ARM
		{F0B612E2-45B0-4503-B1D4-81E11530619C}.Debug|ARM.Deploy.0 = Debug|ARM
		{F0B612E2-45B0-4503-B1D4-81E11530619C}.Debug|iPhone.ActiveCfg = Debug|x86
		{F0B612E2-45B0-4503-B1D4-81E11530619C}.Debug|iPhone.Build.0 = Debug|x86
		{F0B612E2-45B0-4503-B1D4-81E11530619C}.Debug|iPhone.Deploy.0 = Debug|x86
		{F0B612E2-45B0-4503-B1D4-81E11530619C}.Debug|iPhoneSimulator.ActiveCfg = Debug|x86
		{F0B612E2-45B0-4503-B1D4-81E11530619C}.Debug|iPhoneSimulator.Build.0 = Debug|x86
		{F0B612E2-45B0-4503-B1D4-81E11530619C}.Debug|iPhoneSimulator.Deploy.0 = Debug|x86
		{F0B612E2-45B0-4503-B1D4-81E11530619C}.Debug|x64.ActiveCfg = Debug|x64
		{F0B612E2-45B0-4503-B1D4-81E11530619C}.Debug|x64.Build.0 = Debug|x64
		{F0B612E2-45B0-4503-B1D4-81E11530619C}.Debug|x64.Deploy.0 = Debug|x64
		{F0B612E2-45B0-4503-B1D4-81E11530619C}.Debug|x86.ActiveCfg = Debug|x86
		{F0B612E2-45B0-4503-B1D4-81E11530619C}.Debug|x86.Build.0 = Debug|x86
		{F0B612E2-45B0-4503-B1D4-81E11530619C}.Debug|x86.Deploy.0 = Debug|x86
		{F0B612E2-45B0-4503-B1D4-81E11530619C}.Release|Any CPU.ActiveCfg = Release|x86
		{F0B612E2-45B0-4503-B1D4-81E11530619C}.Release|Any CPU.Build.0 = Release|x86
		{F0B612E2-45B0-4503-B1D4-81E11530619C}.Release|Any CPU.Deploy.0 = Release|x86
		{F0B612E2-45B0-4503-B1D4-81E11530619C}.Release|ARM.ActiveCfg = Release|ARM
		{F0B612E2-45B0-4503-B1D4-81E11530619C}.Release|ARM.Build.0 = Release|ARM
		{F0B612E2-45B0-4503-B1D4-81E11530619C}.Release|ARM.Deploy.0 = Release|ARM
		{F0B612E2-45B0-4503-B1D4-81E11530619C}.Release|iPhone.ActiveCfg = Release|x86
		{F0B612E2-45B0-4503-B1D4-81E11530619C}.Release|iPhone.Build.0 = Release|x86
		{F0B612E2-45B0-4503-B1D4-81E11530619C}.Release|iPhone.Deploy.0 = Release|x86
		{F0B612E2-45B0-4503-B1D4-81E11530619C}.Release|iPhoneSimulator.ActiveCfg = Release|x86
		{F0B612E2-45B0-4503-B1D4-81E11530619C}.Release|iPhoneSimulator.Build.0 = Release|x86
		{F0B612E2-45B0-4503-B1D4-81E11530619C}.Release|iPhoneSimulator.Deploy.0 = Release|x86
		{F0B612E2-45B0-4503-B1D4-81E11530619C}.Release|x64.ActiveCfg = Release|x64
		{F0B612E2-45B0-4503-B1D4-81E11530619C}.Release|x64.Build.0 = Release|x64
		{F0B612E2-45B0-4503-B1D4-81E11530619C}.Release|x64.Deploy.0 = Release|x64
		{F0B612E2-45B0-4503-B1D4-81E11530619C}.Release|x86.ActiveCfg = Release|x86
		{F0B612E2-45B0-4503-B1D4-81E11530619C}.Release|x86.Build.0 = Release|x86
		{F0B612E2-45B0-4503-B1D4-81E11530619C}.Release|x86.Deploy.0 = Release|x86
		{D23C12DB-BD5F-4071-A556-6467113B0CAF}.Debug|Any CPU.ActiveCfg = Debug|Any CPU
		{D23C12DB-BD5F-4071-A556-6467113B0CAF}.Debug|Any CPU.Build.0 = Debug|Any CPU
		{D23C12DB-BD5F-4071-A556-6467113B0CAF}.Debug|Any CPU.Deploy.0 = Debug|Any CPU
		{D23C12DB-BD5F-4071-A556-6467113B0CAF}.Debug|ARM.ActiveCfg = Debug|Any CPU
		{D23C12DB-BD5F-4071-A556-6467113B0CAF}.Debug|ARM.Build.0 = Debug|Any CPU
		{D23C12DB-BD5F-4071-A556-6467113B0CAF}.Debug|ARM.Deploy.0 = Debug|Any CPU
		{D23C12DB-BD5F-4071-A556-6467113B0CAF}.Debug|iPhone.ActiveCfg = Debug|Any CPU
		{D23C12DB-BD5F-4071-A556-6467113B0CAF}.Debug|iPhone.Build.0 = Debug|Any CPU
		{D23C12DB-BD5F-4071-A556-6467113B0CAF}.Debug|iPhone.Deploy.0 = Debug|Any CPU
		{D23C12DB-BD5F-4071-A556-6467113B0CAF}.Debug|iPhoneSimulator.ActiveCfg = Debug|Any CPU
		{D23C12DB-BD5F-4071-A556-6467113B0CAF}.Debug|iPhoneSimulator.Build.0 = Debug|Any CPU
		{D23C12DB-BD5F-4071-A556-6467113B0CAF}.Debug|iPhoneSimulator.Deploy.0 = Debug|Any CPU
		{D23C12DB-BD5F-4071-A556-6467113B0CAF}.Debug|x64.ActiveCfg = Debug|Any CPU
		{D23C12DB-BD5F-4071-A556-6467113B0CAF}.Debug|x64.Build.0 = Debug|Any CPU
		{D23C12DB-BD5F-4071-A556-6467113B0CAF}.Debug|x64.Deploy.0 = Debug|Any CPU
		{D23C12DB-BD5F-4071-A556-6467113B0CAF}.Debug|x86.ActiveCfg = Debug|Any CPU
		{D23C12DB-BD5F-4071-A556-6467113B0CAF}.Debug|x86.Build.0 = Debug|Any CPU
		{D23C12DB-BD5F-4071-A556-6467113B0CAF}.Debug|x86.Deploy.0 = Debug|Any CPU
		{D23C12DB-BD5F-4071-A556-6467113B0CAF}.Release|Any CPU.ActiveCfg = Release|Any CPU
		{D23C12DB-BD5F-4071-A556-6467113B0CAF}.Release|Any CPU.Build.0 = Release|Any CPU
		{D23C12DB-BD5F-4071-A556-6467113B0CAF}.Release|Any CPU.Deploy.0 = Release|Any CPU
		{D23C12DB-BD5F-4071-A556-6467113B0CAF}.Release|ARM.ActiveCfg = Release|Any CPU
		{D23C12DB-BD5F-4071-A556-6467113B0CAF}.Release|ARM.Build.0 = Release|Any CPU
		{D23C12DB-BD5F-4071-A556-6467113B0CAF}.Release|ARM.Deploy.0 = Release|Any CPU
		{D23C12DB-BD5F-4071-A556-6467113B0CAF}.Release|iPhone.ActiveCfg = Release|Any CPU
		{D23C12DB-BD5F-4071-A556-6467113B0CAF}.Release|iPhone.Build.0 = Release|Any CPU
		{D23C12DB-BD5F-4071-A556-6467113B0CAF}.Release|iPhone.Deploy.0 = Release|Any CPU
		{D23C12DB-BD5F-4071-A556-6467113B0CAF}.Release|iPhoneSimulator.ActiveCfg = Release|Any CPU
		{D23C12DB-BD5F-4071-A556-6467113B0CAF}.Release|iPhoneSimulator.Build.0 = Release|Any CPU
		{D23C12DB-BD5F-4071-A556-6467113B0CAF}.Release|iPhoneSimulator.Deploy.0 = Release|Any CPU
		{D23C12DB-BD5F-4071-A556-6467113B0CAF}.Release|x64.ActiveCfg = Release|Any CPU
		{D23C12DB-BD5F-4071-A556-6467113B0CAF}.Release|x64.Build.0 = Release|Any CPU
		{D23C12DB-BD5F-4071-A556-6467113B0CAF}.Release|x64.Deploy.0 = Release|Any CPU
		{D23C12DB-BD5F-4071-A556-6467113B0CAF}.Release|x86.ActiveCfg = Release|Any CPU
		{D23C12DB-BD5F-4071-A556-6467113B0CAF}.Release|x86.Build.0 = Release|Any CPU
		{D23C12DB-BD5F-4071-A556-6467113B0CAF}.Release|x86.Deploy.0 = Release|Any CPU
		{735EBB14-09D6-4BCB-9301-E7D88D2B36C0}.Debug|Any CPU.ActiveCfg = Debug|iPhone
		{735EBB14-09D6-4BCB-9301-E7D88D2B36C0}.Debug|Any CPU.Build.0 = Debug|iPhone
		{735EBB14-09D6-4BCB-9301-E7D88D2B36C0}.Debug|Any CPU.Deploy.0 = Debug|iPhone
		{735EBB14-09D6-4BCB-9301-E7D88D2B36C0}.Debug|ARM.ActiveCfg = Debug|iPhoneSimulator
		{735EBB14-09D6-4BCB-9301-E7D88D2B36C0}.Debug|ARM.Build.0 = Debug|iPhoneSimulator
		{735EBB14-09D6-4BCB-9301-E7D88D2B36C0}.Debug|ARM.Deploy.0 = Debug|iPhoneSimulator
		{735EBB14-09D6-4BCB-9301-E7D88D2B36C0}.Debug|iPhone.ActiveCfg = Debug|iPhone
		{735EBB14-09D6-4BCB-9301-E7D88D2B36C0}.Debug|iPhone.Build.0 = Debug|iPhone
		{735EBB14-09D6-4BCB-9301-E7D88D2B36C0}.Debug|iPhone.Deploy.0 = Debug|iPhone
		{735EBB14-09D6-4BCB-9301-E7D88D2B36C0}.Debug|iPhoneSimulator.ActiveCfg = Debug|iPhoneSimulator
		{735EBB14-09D6-4BCB-9301-E7D88D2B36C0}.Debug|iPhoneSimulator.Build.0 = Debug|iPhoneSimulator
		{735EBB14-09D6-4BCB-9301-E7D88D2B36C0}.Debug|iPhoneSimulator.Deploy.0 = Debug|iPhoneSimulator
		{735EBB14-09D6-4BCB-9301-E7D88D2B36C0}.Debug|x64.ActiveCfg = Debug|iPhone
		{735EBB14-09D6-4BCB-9301-E7D88D2B36C0}.Debug|x64.Build.0 = Debug|iPhone
		{735EBB14-09D6-4BCB-9301-E7D88D2B36C0}.Debug|x64.Deploy.0 = Debug|iPhone
		{735EBB14-09D6-4BCB-9301-E7D88D2B36C0}.Debug|x86.ActiveCfg = Debug|iPhone
		{735EBB14-09D6-4BCB-9301-E7D88D2B36C0}.Debug|x86.Build.0 = Debug|iPhone
		{735EBB14-09D6-4BCB-9301-E7D88D2B36C0}.Debug|x86.Deploy.0 = Debug|iPhone
		{735EBB14-09D6-4BCB-9301-E7D88D2B36C0}.Release|Any CPU.ActiveCfg = Release|iPhone
		{735EBB14-09D6-4BCB-9301-E7D88D2B36C0}.Release|Any CPU.Build.0 = Release|iPhone
		{735EBB14-09D6-4BCB-9301-E7D88D2B36C0}.Release|Any CPU.Deploy.0 = Release|iPhone
		{735EBB14-09D6-4BCB-9301-E7D88D2B36C0}.Release|ARM.ActiveCfg = Release|iPhone
		{735EBB14-09D6-4BCB-9301-E7D88D2B36C0}.Release|ARM.Build.0 = Release|iPhone
		{735EBB14-09D6-4BCB-9301-E7D88D2B36C0}.Release|ARM.Deploy.0 = Release|iPhone
		{735EBB14-09D6-4BCB-9301-E7D88D2B36C0}.Release|iPhone.ActiveCfg = Release|iPhone
		{735EBB14-09D6-4BCB-9301-E7D88D2B36C0}.Release|iPhone.Build.0 = Release|iPhone
		{735EBB14-09D6-4BCB-9301-E7D88D2B36C0}.Release|iPhone.Deploy.0 = Release|iPhone
		{735EBB14-09D6-4BCB-9301-E7D88D2B36C0}.Release|iPhoneSimulator.ActiveCfg = Release|iPhoneSimulator
		{735EBB14-09D6-4BCB-9301-E7D88D2B36C0}.Release|iPhoneSimulator.Build.0 = Release|iPhoneSimulator
		{735EBB14-09D6-4BCB-9301-E7D88D2B36C0}.Release|iPhoneSimulator.Deploy.0 = Release|iPhoneSimulator
		{735EBB14-09D6-4BCB-9301-E7D88D2B36C0}.Release|x64.ActiveCfg = Release|iPhone
		{735EBB14-09D6-4BCB-9301-E7D88D2B36C0}.Release|x64.Build.0 = Release|iPhone
		{735EBB14-09D6-4BCB-9301-E7D88D2B36C0}.Release|x64.Deploy.0 = Release|iPhone
		{735EBB14-09D6-4BCB-9301-E7D88D2B36C0}.Release|x86.ActiveCfg = Release|iPhone
		{735EBB14-09D6-4BCB-9301-E7D88D2B36C0}.Release|x86.Build.0 = Release|iPhone
		{735EBB14-09D6-4BCB-9301-E7D88D2B36C0}.Release|x86.Deploy.0 = Release|iPhone
		{C977FC55-BE83-400D-88DD-28C71D506791}.Debug|Any CPU.ActiveCfg = Debug|Any CPU
		{C977FC55-BE83-400D-88DD-28C71D506791}.Debug|Any CPU.Build.0 = Debug|Any CPU
		{C977FC55-BE83-400D-88DD-28C71D506791}.Debug|Any CPU.Deploy.0 = Debug|Any CPU
		{C977FC55-BE83-400D-88DD-28C71D506791}.Debug|ARM.ActiveCfg = Debug|Any CPU
		{C977FC55-BE83-400D-88DD-28C71D506791}.Debug|ARM.Build.0 = Debug|Any CPU
		{C977FC55-BE83-400D-88DD-28C71D506791}.Debug|ARM.Deploy.0 = Debug|Any CPU
		{C977FC55-BE83-400D-88DD-28C71D506791}.Debug|iPhone.ActiveCfg = Debug|Any CPU
		{C977FC55-BE83-400D-88DD-28C71D506791}.Debug|iPhone.Build.0 = Debug|Any CPU
		{C977FC55-BE83-400D-88DD-28C71D506791}.Debug|iPhone.Deploy.0 = Debug|Any CPU
		{C977FC55-BE83-400D-88DD-28C71D506791}.Debug|iPhoneSimulator.ActiveCfg = Debug|Any CPU
		{C977FC55-BE83-400D-88DD-28C71D506791}.Debug|iPhoneSimulator.Build.0 = Debug|Any CPU
		{C977FC55-BE83-400D-88DD-28C71D506791}.Debug|iPhoneSimulator.Deploy.0 = Debug|Any CPU
		{C977FC55-BE83-400D-88DD-28C71D506791}.Debug|x64.ActiveCfg = Debug|Any CPU
		{C977FC55-BE83-400D-88DD-28C71D506791}.Debug|x64.Build.0 = Debug|Any CPU
		{C977FC55-BE83-400D-88DD-28C71D506791}.Debug|x64.Deploy.0 = Debug|Any CPU
		{C977FC55-BE83-400D-88DD-28C71D506791}.Debug|x86.ActiveCfg = Debug|Any CPU
		{C977FC55-BE83-400D-88DD-28C71D506791}.Debug|x86.Build.0 = Debug|Any CPU
		{C977FC55-BE83-400D-88DD-28C71D506791}.Debug|x86.Deploy.0 = Debug|Any CPU
		{C977FC55-BE83-400D-88DD-28C71D506791}.Release|Any CPU.ActiveCfg = Release|Any CPU
		{C977FC55-BE83-400D-88DD-28C71D506791}.Release|Any CPU.Build.0 = Release|Any CPU
		{C977FC55-BE83-400D-88DD-28C71D506791}.Release|Any CPU.Deploy.0 = Release|Any CPU
		{C977FC55-BE83-400D-88DD-28C71D506791}.Release|ARM.ActiveCfg = Release|Any CPU
		{C977FC55-BE83-400D-88DD-28C71D506791}.Release|ARM.Build.0 = Release|Any CPU
		{C977FC55-BE83-400D-88DD-28C71D506791}.Release|ARM.Deploy.0 = Release|Any CPU
		{C977FC55-BE83-400D-88DD-28C71D506791}.Release|iPhone.ActiveCfg = Release|Any CPU
		{C977FC55-BE83-400D-88DD-28C71D506791}.Release|iPhone.Build.0 = Release|Any CPU
		{C977FC55-BE83-400D-88DD-28C71D506791}.Release|iPhone.Deploy.0 = Release|Any CPU
		{C977FC55-BE83-400D-88DD-28C71D506791}.Release|iPhoneSimulator.ActiveCfg = Release|Any CPU
		{C977FC55-BE83-400D-88DD-28C71D506791}.Release|iPhoneSimulator.Build.0 = Release|Any CPU
		{C977FC55-BE83-400D-88DD-28C71D506791}.Release|iPhoneSimulator.Deploy.0 = Release|Any CPU
		{C977FC55-BE83-400D-88DD-28C71D506791}.Release|x64.ActiveCfg = Release|Any CPU
		{C977FC55-BE83-400D-88DD-28C71D506791}.Release|x64.Build.0 = Release|Any CPU
		{C977FC55-BE83-400D-88DD-28C71D506791}.Release|x64.Deploy.0 = Release|Any CPU
		{C977FC55-BE83-400D-88DD-28C71D506791}.Release|x86.ActiveCfg = Release|Any CPU
		{C977FC55-BE83-400D-88DD-28C71D506791}.Release|x86.Build.0 = Release|Any CPU
		{C977FC55-BE83-400D-88DD-28C71D506791}.Release|x86.Deploy.0 = Release|Any CPU
	EndGlobalSection
	GlobalSection(SolutionProperties) = preSolution
		HideSolutionNode = FALSE
	EndGlobalSection
	GlobalSection(ExtensibilityGlobals) = postSolution
		SolutionGuid = {4E646236-DD6B-44F9-8C19-9912E6E4869C}
	EndGlobalSection
EndGlobal
